// !$*UTF8*$!
{
	archiveVersion = 1;
	classes = {
	};
	objectVersion = 52;
	objects = {

/* Begin PBXBuildFile section */
		4F071EDD2449EFCF00F8A054 /* RTPH264Sender.swift in Sources */ = {isa = PBXBuildFile; fileRef = 4F071EDC2449EFCF00F8A054 /* RTPH264Sender.swift */; };
		4F071EE52449F69000F8A054 /* SalesPerSecond(1).mov in Resources */ = {isa = PBXBuildFile; fileRef = 4F071EE42449F69000F8A054 /* SalesPerSecond(1).mov */; };
		4F071EE72449FDF300F8A054 /* RepeatingTimer.swift in Sources */ = {isa = PBXBuildFile; fileRef = 4F071EE62449FDF300F8A054 /* RepeatingTimer.swift */; };
		4F4446A0244768E0005F8996 /* .gitignore in Resources */ = {isa = PBXBuildFile; fileRef = 4F44469F244768E0005F8996 /* .gitignore */; };
		4F7E23D6244DB0DB00ABC133 /* SwiftRTP in Frameworks */ = {isa = PBXBuildFile; productRef = 4F7E23D5244DB0DB00ABC133 /* SwiftRTP */; };
		4F7E23D8244DB0E000ABC133 /* BinaryKit in Frameworks */ = {isa = PBXBuildFile; productRef = 4F7E23D7244DB0E000ABC133 /* BinaryKit */; };
		4FACAEFE243F52E500F228A8 /* AppDelegate.swift in Sources */ = {isa = PBXBuildFile; fileRef = 4FACAEFD243F52E500F228A8 /* AppDelegate.swift */; };
		4FACAF00243F52E500F228A8 /* ViewController.swift in Sources */ = {isa = PBXBuildFile; fileRef = 4FACAEFF243F52E500F228A8 /* ViewController.swift */; };
		4FACAF02243F52E600F228A8 /* Assets.xcassets in Resources */ = {isa = PBXBuildFile; fileRef = 4FACAF01243F52E600F228A8 /* Assets.xcassets */; };
		4FACAF05243F52E600F228A8 /* Main.storyboard in Resources */ = {isa = PBXBuildFile; fileRef = 4FACAF03243F52E600F228A8 /* Main.storyboard */; };
		4FACAF11243F52E700F228A8 /* RTPViewerTests.swift in Sources */ = {isa = PBXBuildFile; fileRef = 4FACAF10243F52E700F228A8 /* RTPViewerTests.swift */; };
		4FACAF1C243F52E700F228A8 /* RTPViewerUITests.swift in Sources */ = {isa = PBXBuildFile; fileRef = 4FACAF1B243F52E700F228A8 /* RTPViewerUITests.swift */; };
		4FACAF2B2440D8E000F228A8 /* RTPH264Reciever.swift in Sources */ = {isa = PBXBuildFile; fileRef = 4FACAF2A2440D8E000F228A8 /* RTPH264Reciever.swift */; };
/* End PBXBuildFile section */

/* Begin PBXContainerItemProxy section */
		4FACAF0D243F52E700F228A8 /* PBXContainerItemProxy */ = {
			isa = PBXContainerItemProxy;
			containerPortal = 4FACAEF2243F52E500F228A8 /* Project object */;
			proxyType = 1;
			remoteGlobalIDString = 4FACAEF9243F52E500F228A8;
			remoteInfo = RTPViewer;
		};
		4FACAF18243F52E700F228A8 /* PBXContainerItemProxy */ = {
			isa = PBXContainerItemProxy;
			containerPortal = 4FACAEF2243F52E500F228A8 /* Project object */;
			proxyType = 1;
			remoteGlobalIDString = 4FACAEF9243F52E500F228A8;
			remoteInfo = RTPViewer;
		};
/* End PBXContainerItemProxy section */

/* Begin PBXFileReference section */
		4F071EDC2449EFCF00F8A054 /* RTPH264Sender.swift */ = {isa = PBXFileReference; lastKnownFileType = sourcecode.swift; path = RTPH264Sender.swift; sourceTree = "<group>"; };
		4F071EE42449F69000F8A054 /* SalesPerSecond(1).mov */ = {isa = PBXFileReference; lastKnownFileType = video.quicktime; path = "SalesPerSecond(1).mov"; sourceTree = "<group>"; };
		4F071EE62449FDF300F8A054 /* RepeatingTimer.swift */ = {isa = PBXFileReference; fileEncoding = 4; lastKnownFileType = sourcecode.swift; path = RepeatingTimer.swift; sourceTree = "<group>"; };
		4F44469F244768E0005F8996 /* .gitignore */ = {isa = PBXFileReference; fileEncoding = 4; lastKnownFileType = text; name = .gitignore; path = ../SwiftRTP/.gitignore; sourceTree = "<group>"; };
		4FACAEFA243F52E500F228A8 /* RTP macOS.app */ = {isa = PBXFileReference; explicitFileType = wrapper.application; includeInIndex = 0; path = "RTP macOS.app"; sourceTree = BUILT_PRODUCTS_DIR; };
		4FACAEFD243F52E500F228A8 /* AppDelegate.swift */ = {isa = PBXFileReference; lastKnownFileType = sourcecode.swift; path = AppDelegate.swift; sourceTree = "<group>"; };
		4FACAEFF243F52E500F228A8 /* ViewController.swift */ = {isa = PBXFileReference; lastKnownFileType = sourcecode.swift; path = ViewController.swift; sourceTree = "<group>"; };
		4FACAF01243F52E600F228A8 /* Assets.xcassets */ = {isa = PBXFileReference; lastKnownFileType = folder.assetcatalog; path = Assets.xcassets; sourceTree = "<group>"; };
		4FACAF04243F52E600F228A8 /* Base */ = {isa = PBXFileReference; lastKnownFileType = file.storyboard; name = Base; path = Base.lproj/Main.storyboard; sourceTree = "<group>"; };
		4FACAF06243F52E600F228A8 /* Info.plist */ = {isa = PBXFileReference; lastKnownFileType = text.plist.xml; path = Info.plist; sourceTree = "<group>"; };
		4FACAF07243F52E600F228A8 /* RTPViewer.entitlements */ = {isa = PBXFileReference; lastKnownFileType = text.plist.entitlements; path = RTPViewer.entitlements; sourceTree = "<group>"; };
		4FACAF0C243F52E700F228A8 /* RTP macOSTests.xctest */ = {isa = PBXFileReference; explicitFileType = wrapper.cfbundle; includeInIndex = 0; path = "RTP macOSTests.xctest"; sourceTree = BUILT_PRODUCTS_DIR; };
		4FACAF10243F52E700F228A8 /* RTPViewerTests.swift */ = {isa = PBXFileReference; lastKnownFileType = sourcecode.swift; path = RTPViewerTests.swift; sourceTree = "<group>"; };
		4FACAF12243F52E700F228A8 /* Info.plist */ = {isa = PBXFileReference; lastKnownFileType = text.plist.xml; path = Info.plist; sourceTree = "<group>"; };
		4FACAF17243F52E700F228A8 /* RTP macOSUITests.xctest */ = {isa = PBXFileReference; explicitFileType = wrapper.cfbundle; includeInIndex = 0; path = "RTP macOSUITests.xctest"; sourceTree = BUILT_PRODUCTS_DIR; };
		4FACAF1B243F52E700F228A8 /* RTPViewerUITests.swift */ = {isa = PBXFileReference; lastKnownFileType = sourcecode.swift; path = RTPViewerUITests.swift; sourceTree = "<group>"; };
		4FACAF1D243F52E700F228A8 /* Info.plist */ = {isa = PBXFileReference; lastKnownFileType = text.plist.xml; path = Info.plist; sourceTree = "<group>"; };
		4FACAF2A2440D8E000F228A8 /* RTPH264Reciever.swift */ = {isa = PBXFileReference; lastKnownFileType = sourcecode.swift; path = RTPH264Reciever.swift; sourceTree = "<group>"; };
/* End PBXFileReference section */

/* Begin PBXFrameworksBuildPhase section */
		4FACAEF7243F52E500F228A8 /* Frameworks */ = {
			isa = PBXFrameworksBuildPhase;
			buildActionMask = 2147483647;
			files = (
				4F7E23D8244DB0E000ABC133 /* BinaryKit in Frameworks */,
				4F7E23D6244DB0DB00ABC133 /* SwiftRTP in Frameworks */,
			);
			runOnlyForDeploymentPostprocessing = 0;
		};
		4FACAF09243F52E700F228A8 /* Frameworks */ = {
			isa = PBXFrameworksBuildPhase;
			buildActionMask = 2147483647;
			files = (
			);
			runOnlyForDeploymentPostprocessing = 0;
		};
		4FACAF14243F52E700F228A8 /* Frameworks */ = {
			isa = PBXFrameworksBuildPhase;
			buildActionMask = 2147483647;
			files = (
			);
			runOnlyForDeploymentPostprocessing = 0;
		};
/* End PBXFrameworksBuildPhase section */

/* Begin PBXGroup section */
		4FACAEF1243F52E500F228A8 = {
			isa = PBXGroup;
			children = (
				4F44469F244768E0005F8996 /* .gitignore */,
				4FACAEFC243F52E500F228A8 /* RTPViewer */,
				4FACAF0F243F52E700F228A8 /* RTPViewerTests */,
				4FACAF1A243F52E700F228A8 /* RTPViewerUITests */,
				4FACAEFB243F52E500F228A8 /* Products */,
				4FACAF2C2440D91700F228A8 /* Frameworks */,
			);
			sourceTree = "<group>";
		};
		4FACAEFB243F52E500F228A8 /* Products */ = {
			isa = PBXGroup;
			children = (
				4FACAEFA243F52E500F228A8 /* RTP macOS.app */,
				4FACAF0C243F52E700F228A8 /* RTP macOSTests.xctest */,
				4FACAF17243F52E700F228A8 /* RTP macOSUITests.xctest */,
			);
			name = Products;
			sourceTree = "<group>";
		};
		4FACAEFC243F52E500F228A8 /* RTPViewer */ = {
			isa = PBXGroup;
			children = (
				4F071EE62449FDF300F8A054 /* RepeatingTimer.swift */,
				4F071EE42449F69000F8A054 /* SalesPerSecond(1).mov */,
				4FACAEFD243F52E500F228A8 /* AppDelegate.swift */,
				4FACAEFF243F52E500F228A8 /* ViewController.swift */,
				4FACAF01243F52E600F228A8 /* Assets.xcassets */,
				4FACAF03243F52E600F228A8 /* Main.storyboard */,
				4FACAF06243F52E600F228A8 /* Info.plist */,
				4FACAF07243F52E600F228A8 /* RTPViewer.entitlements */,
				4FACAF2A2440D8E000F228A8 /* RTPH264Reciever.swift */,
				4F071EDC2449EFCF00F8A054 /* RTPH264Sender.swift */,
			);
			path = RTPViewer;
			sourceTree = "<group>";
		};
		4FACAF0F243F52E700F228A8 /* RTPViewerTests */ = {
			isa = PBXGroup;
			children = (
				4FACAF10243F52E700F228A8 /* RTPViewerTests.swift */,
				4FACAF12243F52E700F228A8 /* Info.plist */,
			);
			path = RTPViewerTests;
			sourceTree = "<group>";
		};
		4FACAF1A243F52E700F228A8 /* RTPViewerUITests */ = {
			isa = PBXGroup;
			children = (
				4FACAF1B243F52E700F228A8 /* RTPViewerUITests.swift */,
				4FACAF1D243F52E700F228A8 /* Info.plist */,
			);
			path = RTPViewerUITests;
			sourceTree = "<group>";
		};
		4FACAF2C2440D91700F228A8 /* Frameworks */ = {
			isa = PBXGroup;
			children = (
			);
			name = Frameworks;
			sourceTree = "<group>";
		};
/* End PBXGroup section */

/* Begin PBXNativeTarget section */
		4FACAEF9243F52E500F228A8 /* RTP macOS */ = {
			isa = PBXNativeTarget;
			buildConfigurationList = 4FACAF20243F52E700F228A8 /* Build configuration list for PBXNativeTarget "RTP macOS" */;
			buildPhases = (
				4FACAEF6243F52E500F228A8 /* Sources */,
				4FACAEF7243F52E500F228A8 /* Frameworks */,
				4FACAEF8243F52E500F228A8 /* Resources */,
			);
			buildRules = (
			);
			dependencies = (
			);
			name = "RTP macOS";
			packageProductDependencies = (
				4F7E23D5244DB0DB00ABC133 /* SwiftRTP */,
				4F7E23D7244DB0E000ABC133 /* BinaryKit */,
			);
			productName = RTPViewer;
			productReference = 4FACAEFA243F52E500F228A8 /* RTP macOS.app */;
			productType = "com.apple.product-type.application";
		};
		4FACAF0B243F52E700F228A8 /* RTP macOSTests */ = {
			isa = PBXNativeTarget;
			buildConfigurationList = 4FACAF23243F52E700F228A8 /* Build configuration list for PBXNativeTarget "RTP macOSTests" */;
			buildPhases = (
				4FACAF08243F52E700F228A8 /* Sources */,
				4FACAF09243F52E700F228A8 /* Frameworks */,
				4FACAF0A243F52E700F228A8 /* Resources */,
			);
			buildRules = (
			);
			dependencies = (
				4FACAF0E243F52E700F228A8 /* PBXTargetDependency */,
			);
			name = "RTP macOSTests";
			productName = RTPViewerTests;
			productReference = 4FACAF0C243F52E700F228A8 /* RTP macOSTests.xctest */;
			productType = "com.apple.product-type.bundle.unit-test";
		};
		4FACAF16243F52E700F228A8 /* RTP macOSUITests */ = {
			isa = PBXNativeTarget;
			buildConfigurationList = 4FACAF26243F52E700F228A8 /* Build configuration list for PBXNativeTarget "RTP macOSUITests" */;
			buildPhases = (
				4FACAF13243F52E700F228A8 /* Sources */,
				4FACAF14243F52E700F228A8 /* Frameworks */,
				4FACAF15243F52E700F228A8 /* Resources */,
			);
			buildRules = (
			);
			dependencies = (
				4FACAF19243F52E700F228A8 /* PBXTargetDependency */,
			);
			name = "RTP macOSUITests";
			productName = RTPViewerUITests;
			productReference = 4FACAF17243F52E700F228A8 /* RTP macOSUITests.xctest */;
			productType = "com.apple.product-type.bundle.ui-testing";
		};
/* End PBXNativeTarget section */

/* Begin PBXProject section */
		4FACAEF2243F52E500F228A8 /* Project object */ = {
			isa = PBXProject;
			attributes = {
				LastSwiftUpdateCheck = 1140;
				LastUpgradeCheck = 1140;
				ORGANIZATIONNAME = "David Nadoba";
				TargetAttributes = {
					4FACAEF9243F52E500F228A8 = {
						CreatedOnToolsVersion = 11.4;
					};
					4FACAF0B243F52E700F228A8 = {
						CreatedOnToolsVersion = 11.4;
						TestTargetID = 4FACAEF9243F52E500F228A8;
					};
					4FACAF16243F52E700F228A8 = {
						CreatedOnToolsVersion = 11.4;
						TestTargetID = 4FACAEF9243F52E500F228A8;
					};
				};
			};
			buildConfigurationList = 4FACAEF5243F52E500F228A8 /* Build configuration list for PBXProject "RTP macOS" */;
			compatibilityVersion = "Xcode 9.3";
			developmentRegion = en;
			hasScannedForEncodings = 0;
			knownRegions = (
				en,
				Base,
			);
			mainGroup = 4FACAEF1243F52E500F228A8;
			productRefGroup = 4FACAEFB243F52E500F228A8 /* Products */;
			projectDirPath = "";
			projectRoot = "";
			targets = (
				4FACAEF9243F52E500F228A8 /* RTP macOS */,
				4FACAF0B243F52E700F228A8 /* RTP macOSTests */,
				4FACAF16243F52E700F228A8 /* RTP macOSUITests */,
			);
		};
/* End PBXProject section */

/* Begin PBXResourcesBuildPhase section */
		4FACAEF8243F52E500F228A8 /* Resources */ = {
			isa = PBXResourcesBuildPhase;
			buildActionMask = 2147483647;
			files = (
				4FACAF02243F52E600F228A8 /* Assets.xcassets in Resources */,
				4F4446A0244768E0005F8996 /* .gitignore in Resources */,
				4F071EE52449F69000F8A054 /* SalesPerSecond(1).mov in Resources */,
				4FACAF05243F52E600F228A8 /* Main.storyboard in Resources */,
			);
			runOnlyForDeploymentPostprocessing = 0;
		};
		4FACAF0A243F52E700F228A8 /* Resources */ = {
			isa = PBXResourcesBuildPhase;
			buildActionMask = 2147483647;
			files = (
			);
			runOnlyForDeploymentPostprocessing = 0;
		};
		4FACAF15243F52E700F228A8 /* Resources */ = {
			isa = PBXResourcesBuildPhase;
			buildActionMask = 2147483647;
			files = (
			);
			runOnlyForDeploymentPostprocessing = 0;
		};
/* End PBXResourcesBuildPhase section */

/* Begin PBXSourcesBuildPhase section */
		4FACAEF6243F52E500F228A8 /* Sources */ = {
			isa = PBXSourcesBuildPhase;
			buildActionMask = 2147483647;
			files = (
				4FACAF00243F52E500F228A8 /* ViewController.swift in Sources */,
				4F071EDD2449EFCF00F8A054 /* RTPH264Sender.swift in Sources */,
				4FACAEFE243F52E500F228A8 /* AppDelegate.swift in Sources */,
				4FACAF2B2440D8E000F228A8 /* RTPH264Reciever.swift in Sources */,
				4F071EE72449FDF300F8A054 /* RepeatingTimer.swift in Sources */,
			);
			runOnlyForDeploymentPostprocessing = 0;
		};
		4FACAF08243F52E700F228A8 /* Sources */ = {
			isa = PBXSourcesBuildPhase;
			buildActionMask = 2147483647;
			files = (
				4FACAF11243F52E700F228A8 /* RTPViewerTests.swift in Sources */,
			);
			runOnlyForDeploymentPostprocessing = 0;
		};
		4FACAF13243F52E700F228A8 /* Sources */ = {
			isa = PBXSourcesBuildPhase;
			buildActionMask = 2147483647;
			files = (
				4FACAF1C243F52E700F228A8 /* RTPViewerUITests.swift in Sources */,
			);
			runOnlyForDeploymentPostprocessing = 0;
		};
/* End PBXSourcesBuildPhase section */

/* Begin PBXTargetDependency section */
		4FACAF0E243F52E700F228A8 /* PBXTargetDependency */ = {
			isa = PBXTargetDependency;
			target = 4FACAEF9243F52E500F228A8 /* RTP macOS */;
			targetProxy = 4FACAF0D243F52E700F228A8 /* PBXContainerItemProxy */;
		};
		4FACAF19243F52E700F228A8 /* PBXTargetDependency */ = {
			isa = PBXTargetDependency;
			target = 4FACAEF9243F52E500F228A8 /* RTP macOS */;
			targetProxy = 4FACAF18243F52E700F228A8 /* PBXContainerItemProxy */;
		};
/* End PBXTargetDependency section */

/* Begin PBXVariantGroup section */
		4FACAF03243F52E600F228A8 /* Main.storyboard */ = {
			isa = PBXVariantGroup;
			children = (
				4FACAF04243F52E600F228A8 /* Base */,
			);
			name = Main.storyboard;
			sourceTree = "<group>";
		};
/* End PBXVariantGroup section */

/* Begin XCBuildConfiguration section */
		4FACAF1E243F52E700F228A8 /* Debug */ = {
			isa = XCBuildConfiguration;
			buildSettings = {
				ALWAYS_SEARCH_USER_PATHS = NO;
				CLANG_ANALYZER_NONNULL = YES;
				CLANG_ANALYZER_NUMBER_OBJECT_CONVERSION = YES_AGGRESSIVE;
				CLANG_CXX_LANGUAGE_STANDARD = "gnu++14";
				CLANG_CXX_LIBRARY = "libc++";
				CLANG_ENABLE_MODULES = YES;
				CLANG_ENABLE_OBJC_ARC = YES;
				CLANG_ENABLE_OBJC_WEAK = YES;
				CLANG_WARN_BLOCK_CAPTURE_AUTORELEASING = YES;
				CLANG_WARN_BOOL_CONVERSION = YES;
				CLANG_WARN_COMMA = YES;
				CLANG_WARN_CONSTANT_CONVERSION = YES;
				CLANG_WARN_DEPRECATED_OBJC_IMPLEMENTATIONS = YES;
				CLANG_WARN_DIRECT_OBJC_ISA_USAGE = YES_ERROR;
				CLANG_WARN_DOCUMENTATION_COMMENTS = YES;
				CLANG_WARN_EMPTY_BODY = YES;
				CLANG_WARN_ENUM_CONVERSION = YES;
				CLANG_WARN_INFINITE_RECURSION = YES;
				CLANG_WARN_INT_CONVERSION = YES;
				CLANG_WARN_NON_LITERAL_NULL_CONVERSION = YES;
				CLANG_WARN_OBJC_IMPLICIT_RETAIN_SELF = YES;
				CLANG_WARN_OBJC_LITERAL_CONVERSION = YES;
				CLANG_WARN_OBJC_ROOT_CLASS = YES_ERROR;
				CLANG_WARN_RANGE_LOOP_ANALYSIS = YES;
				CLANG_WARN_STRICT_PROTOTYPES = YES;
				CLANG_WARN_SUSPICIOUS_MOVE = YES;
				CLANG_WARN_UNGUARDED_AVAILABILITY = YES_AGGRESSIVE;
				CLANG_WARN_UNREACHABLE_CODE = YES;
				CLANG_WARN__DUPLICATE_METHOD_MATCH = YES;
				COPY_PHASE_STRIP = NO;
				DEBUG_INFORMATION_FORMAT = dwarf;
				ENABLE_STRICT_OBJC_MSGSEND = YES;
				ENABLE_TESTABILITY = YES;
				GCC_C_LANGUAGE_STANDARD = gnu11;
				GCC_DYNAMIC_NO_PIC = NO;
				GCC_NO_COMMON_BLOCKS = YES;
				GCC_OPTIMIZATION_LEVEL = 0;
				GCC_PREPROCESSOR_DEFINITIONS = (
					"DEBUG=1",
					"$(inherited)",
				);
				GCC_WARN_64_TO_32_BIT_CONVERSION = YES;
				GCC_WARN_ABOUT_RETURN_TYPE = YES_ERROR;
				GCC_WARN_UNDECLARED_SELECTOR = YES;
				GCC_WARN_UNINITIALIZED_AUTOS = YES_AGGRESSIVE;
				GCC_WARN_UNUSED_FUNCTION = YES;
				GCC_WARN_UNUSED_VARIABLE = YES;
				MACOSX_DEPLOYMENT_TARGET = 10.15;
				MTL_ENABLE_DEBUG_INFO = INCLUDE_SOURCE;
				MTL_FAST_MATH = YES;
				ONLY_ACTIVE_ARCH = YES;
				SDKROOT = macosx;
				SWIFT_ACTIVE_COMPILATION_CONDITIONS = DEBUG;
				SWIFT_OPTIMIZATION_LEVEL = "-Onone";
			};
			name = Debug;
		};
		4FACAF1F243F52E700F228A8 /* Release */ = {
			isa = XCBuildConfiguration;
			buildSettings = {
				ALWAYS_SEARCH_USER_PATHS = NO;
				CLANG_ANALYZER_NONNULL = YES;
				CLANG_ANALYZER_NUMBER_OBJECT_CONVERSION = YES_AGGRESSIVE;
				CLANG_CXX_LANGUAGE_STANDARD = "gnu++14";
				CLANG_CXX_LIBRARY = "libc++";
				CLANG_ENABLE_MODULES = YES;
				CLANG_ENABLE_OBJC_ARC = YES;
				CLANG_ENABLE_OBJC_WEAK = YES;
				CLANG_WARN_BLOCK_CAPTURE_AUTORELEASING = YES;
				CLANG_WARN_BOOL_CONVERSION = YES;
				CLANG_WARN_COMMA = YES;
				CLANG_WARN_CONSTANT_CONVERSION = YES;
				CLANG_WARN_DEPRECATED_OBJC_IMPLEMENTATIONS = YES;
				CLANG_WARN_DIRECT_OBJC_ISA_USAGE = YES_ERROR;
				CLANG_WARN_DOCUMENTATION_COMMENTS = YES;
				CLANG_WARN_EMPTY_BODY = YES;
				CLANG_WARN_ENUM_CONVERSION = YES;
				CLANG_WARN_INFINITE_RECURSION = YES;
				CLANG_WARN_INT_CONVERSION = YES;
				CLANG_WARN_NON_LITERAL_NULL_CONVERSION = YES;
				CLANG_WARN_OBJC_IMPLICIT_RETAIN_SELF = YES;
				CLANG_WARN_OBJC_LITERAL_CONVERSION = YES;
				CLANG_WARN_OBJC_ROOT_CLASS = YES_ERROR;
				CLANG_WARN_RANGE_LOOP_ANALYSIS = YES;
				CLANG_WARN_STRICT_PROTOTYPES = YES;
				CLANG_WARN_SUSPICIOUS_MOVE = YES;
				CLANG_WARN_UNGUARDED_AVAILABILITY = YES_AGGRESSIVE;
				CLANG_WARN_UNREACHABLE_CODE = YES;
				CLANG_WARN__DUPLICATE_METHOD_MATCH = YES;
				COPY_PHASE_STRIP = NO;
				DEBUG_INFORMATION_FORMAT = "dwarf-with-dsym";
				ENABLE_NS_ASSERTIONS = NO;
				ENABLE_STRICT_OBJC_MSGSEND = YES;
				GCC_C_LANGUAGE_STANDARD = gnu11;
				GCC_NO_COMMON_BLOCKS = YES;
				GCC_WARN_64_TO_32_BIT_CONVERSION = YES;
				GCC_WARN_ABOUT_RETURN_TYPE = YES_ERROR;
				GCC_WARN_UNDECLARED_SELECTOR = YES;
				GCC_WARN_UNINITIALIZED_AUTOS = YES_AGGRESSIVE;
				GCC_WARN_UNUSED_FUNCTION = YES;
				GCC_WARN_UNUSED_VARIABLE = YES;
				MACOSX_DEPLOYMENT_TARGET = 10.15;
				MTL_ENABLE_DEBUG_INFO = NO;
				MTL_FAST_MATH = YES;
				SDKROOT = macosx;
				SWIFT_COMPILATION_MODE = wholemodule;
				SWIFT_OPTIMIZATION_LEVEL = "-O";
			};
			name = Release;
		};
		4FACAF21243F52E700F228A8 /* Debug */ = {
			isa = XCBuildConfiguration;
			buildSettings = {
				ASSETCATALOG_COMPILER_APPICON_NAME = AppIcon;
				CODE_SIGN_ENTITLEMENTS = RTPViewer/RTPViewer.entitlements;
				CODE_SIGN_STYLE = Automatic;
				COMBINE_HIDPI_IMAGES = YES;
				DEVELOPMENT_TEAM = XKQRPFVM7Z;
				ENABLE_HARDENED_RUNTIME = YES;
				INFOPLIST_FILE = RTPViewer/Info.plist;
				LD_RUNPATH_SEARCH_PATHS = (
					"$(inherited)",
					"@executable_path/../Frameworks",
				);
				PRODUCT_BUNDLE_IDENTIFIER = de.nadoba.RTPViewer;
				PRODUCT_NAME = "$(TARGET_NAME)";
				SWIFT_VERSION = 5.0;
			};
			name = Debug;
		};
		4FACAF22243F52E700F228A8 /* Release */ = {
			isa = XCBuildConfiguration;
			buildSettings = {
				ASSETCATALOG_COMPILER_APPICON_NAME = AppIcon;
				CODE_SIGN_ENTITLEMENTS = RTPViewer/RTPViewer.entitlements;
				CODE_SIGN_STYLE = Automatic;
				COMBINE_HIDPI_IMAGES = YES;
				DEVELOPMENT_TEAM = XKQRPFVM7Z;
				ENABLE_HARDENED_RUNTIME = YES;
				INFOPLIST_FILE = RTPViewer/Info.plist;
				LD_RUNPATH_SEARCH_PATHS = (
					"$(inherited)",
					"@executable_path/../Frameworks",
				);
				PRODUCT_BUNDLE_IDENTIFIER = de.nadoba.RTPViewer;
				PRODUCT_NAME = "$(TARGET_NAME)";
				SWIFT_VERSION = 5.0;
			};
			name = Release;
		};
		4FACAF24243F52E700F228A8 /* Debug */ = {
			isa = XCBuildConfiguration;
			buildSettings = {
				ALWAYS_EMBED_SWIFT_STANDARD_LIBRARIES = YES;
				BUNDLE_LOADER = "$(TEST_HOST)";
				CODE_SIGN_STYLE = Automatic;
				COMBINE_HIDPI_IMAGES = YES;
				DEVELOPMENT_TEAM = XKQRPFVM7Z;
				INFOPLIST_FILE = RTPViewerTests/Info.plist;
				LD_RUNPATH_SEARCH_PATHS = (
					"$(inherited)",
					"@executable_path/../Frameworks",
					"@loader_path/../Frameworks",
				);
				MACOSX_DEPLOYMENT_TARGET = 10.15;
				PRODUCT_BUNDLE_IDENTIFIER = de.nadoba.RTPViewerTests;
				PRODUCT_NAME = "$(TARGET_NAME)";
				SWIFT_VERSION = 5.0;
				TEST_HOST = "$(BUILT_PRODUCTS_DIR)/RTP macOS.app/Contents/MacOS/RTP macOS";
			};
			name = Debug;
		};
		4FACAF25243F52E700F228A8 /* Release */ = {
			isa = XCBuildConfiguration;
			buildSettings = {
				ALWAYS_EMBED_SWIFT_STANDARD_LIBRARIES = YES;
				BUNDLE_LOADER = "$(TEST_HOST)";
				CODE_SIGN_STYLE = Automatic;
				COMBINE_HIDPI_IMAGES = YES;
				DEVELOPMENT_TEAM = XKQRPFVM7Z;
				INFOPLIST_FILE = RTPViewerTests/Info.plist;
				LD_RUNPATH_SEARCH_PATHS = (
					"$(inherited)",
					"@executable_path/../Frameworks",
					"@loader_path/../Frameworks",
				);
				MACOSX_DEPLOYMENT_TARGET = 10.15;
				PRODUCT_BUNDLE_IDENTIFIER = de.nadoba.RTPViewerTests;
				PRODUCT_NAME = "$(TARGET_NAME)";
				SWIFT_VERSION = 5.0;
				TEST_HOST = "$(BUILT_PRODUCTS_DIR)/RTP macOS.app/Contents/MacOS/RTP macOS";
			};
			name = Release;
		};
		4FACAF27243F52E700F228A8 /* Debug */ = {
			isa = XCBuildConfiguration;
			buildSettings = {
				ALWAYS_EMBED_SWIFT_STANDARD_LIBRARIES = YES;
				CODE_SIGN_STYLE = Automatic;
				COMBINE_HIDPI_IMAGES = YES;
				DEVELOPMENT_TEAM = XKQRPFVM7Z;
				INFOPLIST_FILE = RTPViewerUITests/Info.plist;
				LD_RUNPATH_SEARCH_PATHS = (
					"$(inherited)",
					"@executable_path/../Frameworks",
					"@loader_path/../Frameworks",
				);
				PRODUCT_BUNDLE_IDENTIFIER = de.nadoba.RTPViewerUITests;
				PRODUCT_NAME = "$(TARGET_NAME)";
				SWIFT_VERSION = 5.0;
				TEST_TARGET_NAME = RTPViewer;
			};
			name = Debug;
		};
		4FACAF28243F52E700F228A8 /* Release */ = {
			isa = XCBuildConfiguration;
			buildSettings = {
				ALWAYS_EMBED_SWIFT_STANDARD_LIBRARIES = YES;
				CODE_SIGN_STYLE = Automatic;
				COMBINE_HIDPI_IMAGES = YES;
				DEVELOPMENT_TEAM = XKQRPFVM7Z;
				INFOPLIST_FILE = RTPViewerUITests/Info.plist;
				LD_RUNPATH_SEARCH_PATHS = (
					"$(inherited)",
					"@executable_path/../Frameworks",
					"@loader_path/../Frameworks",
				);
				PRODUCT_BUNDLE_IDENTIFIER = de.nadoba.RTPViewerUITests;
				PRODUCT_NAME = "$(TARGET_NAME)";
				SWIFT_VERSION = 5.0;
				TEST_TARGET_NAME = RTPViewer;
			};
			name = Release;
		};
/* End XCBuildConfiguration section */

/* Begin XCConfigurationList section */
		4FACAEF5243F52E500F228A8 /* Build configuration list for PBXProject "RTP macOS" */ = {
			isa = XCConfigurationList;
			buildConfigurations = (
				4FACAF1E243F52E700F228A8 /* Debug */,
				4FACAF1F243F52E700F228A8 /* Release */,
			);
			defaultConfigurationIsVisible = 0;
			defaultConfigurationName = Release;
		};
		4FACAF20243F52E700F228A8 /* Build configuration list for PBXNativeTarget "RTP macOS" */ = {
			isa = XCConfigurationList;
			buildConfigurations = (
				4FACAF21243F52E700F228A8 /* Debug */,
				4FACAF22243F52E700F228A8 /* Release */,
			);
			defaultConfigurationIsVisible = 0;
			defaultConfigurationName = Release;
		};
		4FACAF23243F52E700F228A8 /* Build configuration list for PBXNativeTarget "RTP macOSTests" */ = {
			isa = XCConfigurationList;
			buildConfigurations = (
				4FACAF24243F52E700F228A8 /* Debug */,
				4FACAF25243F52E700F228A8 /* Release */,
			);
			defaultConfigurationIsVisible = 0;
			defaultConfigurationName = Release;
		};
		4FACAF26243F52E700F228A8 /* Build configuration list for PBXNativeTarget "RTP macOSUITests" */ = {
			isa = XCConfigurationList;
			buildConfigurations = (
				4FACAF27243F52E700F228A8 /* Debug */,
				4FACAF28243F52E700F228A8 /* Release */,
			);
			defaultConfigurationIsVisible = 0;
			defaultConfigurationName = Release;
		};
/* End XCConfigurationList section */

/* Begin XCSwiftPackageProductDependency section */
		4F7E23D5244DB0DB00ABC133 /* SwiftRTP */ = {
			isa = XCSwiftPackageProductDependency;
			productName = SwiftRTP;
		};
		4F7E23D7244DB0E000ABC133 /* BinaryKit */ = {
			isa = XCSwiftPackageProductDependency;
			productName = BinaryKit;
		};
/* End XCSwiftPackageProductDependency section */
	};
	rootObject = 4FACAEF2243F52E500F228A8 /* Project object */;
}
